
Microsoft Visual Studio Solution File, Format Version 12.00
# Visual Studio Version 17
VisualStudioVersion = 17.8.34330.188
MinimumVisualStudioVersion = 10.0.40219.1
Project("{FAE04EC0-301F-11D3-BF4B-00C04F79EFBC}") = "Domain", "Domain\Domain.csproj", "{7E5C437D-E615-47E5-9777-4B01B2679F82}"
EndProject
Project("{FAE04EC0-301F-11D3-BF4B-00C04F79EFBC}") = "Entities", "Entities\Entities.csproj", "{975CEB56-4BDB-4868-B1D3-A4D0EE434DF5}"
EndProject
Project("{FAE04EC0-301F-11D3-BF4B-00C04F79EFBC}") = "Repositories", "Repositories\Repositories.csproj", "{2D1B2C6D-6317-4094-9C1F-583B8C9C5AFA}"
EndProject
Project("{2150E333-8FDC-42A3-9474-1A3956D46DE8}") = "Testes", "Testes", "{DB67E700-1E0C-4233-A2A4-8F8B4AF36EC5}"
EndProject
Project("{FAE04EC0-301F-11D3-BF4B-00C04F79EFBC}") = "WebApi", "WebApi\WebApi.csproj", "{4EDC36A2-86C5-4FD8-B177-FE9E60A92B5D}"
EndProject
Global
	GlobalSection(SolutionConfigurationPlatforms) = preSolution
		Debug|Any CPU = Debug|Any CPU
		Release|Any CPU = Release|Any CPU
	EndGlobalSection
	GlobalSection(ProjectConfigurationPlatforms) = postSolution
		{7E5C437D-E615-47E5-9777-4B01B2679F82}.Debug|Any CPU.ActiveCfg = Debug|Any CPU
		{7E5C437D-E615-47E5-9777-4B01B2679F82}.Debug|Any CPU.Build.0 = Debug|Any CPU
		{7E5C437D-E615-47E5-9777-4B01B2679F82}.Release|Any CPU.ActiveCfg = Release|Any CPU
		{7E5C437D-E615-47E5-9777-4B01B2679F82}.Release|Any CPU.Build.0 = Release|Any CPU
		{975CEB56-4BDB-4868-B1D3-A4D0EE434DF5}.Debug|Any CPU.ActiveCfg = Debug|Any CPU
		{975CEB56-4BDB-4868-B1D3-A4D0EE434DF5}.Debug|Any CPU.Build.0 = Debug|Any CPU
		{975CEB56-4BDB-4868-B1D3-A4D0EE434DF5}.Release|Any CPU.ActiveCfg = Release|Any CPU
		{975CEB56-4BDB-4868-B1D3-A4D0EE434DF5}.Release|Any CPU.Build.0 = Release|Any CPU
		{2D1B2C6D-6317-4094-9C1F-583B8C9C5AFA}.Debug|Any CPU.ActiveCfg = Debug|Any CPU
		{2D1B2C6D-6317-4094-9C1F-583B8C9C5AFA}.Debug|Any CPU.Build.0 = Debug|Any CPU
		{2D1B2C6D-6317-4094-9C1F-583B8C9C5AFA}.Release|Any CPU.ActiveCfg = Release|Any CPU
		{2D1B2C6D-6317-4094-9C1F-583B8C9C5AFA}.Release|Any CPU.Build.0 = Release|Any CPU
		{4EDC36A2-86C5-4FD8-B177-FE9E60A92B5D}.Debug|Any CPU.ActiveCfg = Debug|Any CPU
		{4EDC36A2-86C5-4FD8-B177-FE9E60A92B5D}.Debug|Any CPU.Build.0 = Debug|Any CPU
		{4EDC36A2-86C5-4FD8-B177-FE9E60A92B5D}.Release|Any CPU.ActiveCfg = Release|Any CPU
		{4EDC36A2-86C5-4FD8-B177-FE9E60A92B5D}.Release|Any CPU.Build.0 = Release|Any CPU
	EndGlobalSection
	GlobalSection(SolutionProperties) = preSolution
		HideSolutionNode = FALSE
	EndGlobalSection
	GlobalSection(ExtensibilityGlobals) = postSolution
		SolutionGuid = {1FDF7536-CDE5-4F64-8D7B-C48AF88C4BEF}
	EndGlobalSection
EndGlobal
